
Microsoft Visual Studio Solution File, Format Version 12.00
# Visual Studio 2012
Project("{F184B08F-C81C-45F6-A57F-5ABD9991F28F}") = "CDBNET", "CDBNET.vbproj", "{0716159A-7653-4799-BD12-2F7DDF7F9EAB}"
EndProject
Project("{F184B08F-C81C-45F6-A57F-5ABD9991F28F}") = "CDBNETCL", "..\CDBNETCL\CDBNETCL.vbproj", "{6BFD1C82-7F8B-4117-8305-88E6ECDE1CC8}"
EndProject
Project("{F184B08F-C81C-45F6-A57F-5ABD9991F28F}") = "HtmlEditorControl", "..\HtmlEditorControl\HtmlEditorControl.vbproj", "{EBC31846-19E5-4921-93C5-5AA580CDFCB7}"
EndProject
Project("{F184B08F-C81C-45F6-A57F-5ABD9991F28F}") = "CDBNETXAML", "..\CDBNETXAML\CDBNETXAML.vbproj", "{62739A01-E4A9-4A70-8ED3-54E740DC97A8}"
EndProject
Project("{F184B08F-C81C-45F6-A57F-5ABD9991F28F}") = "CDBNETBiz", "..\CDBNETBIZ\CDBNETBiz.vbproj", "{60863814-E738-4A2D-AA46-8A6E5ACA0C9B}"
EndProject
Project("{F184B08F-C81C-45F6-A57F-5ABD9991F28F}") = "CDBNETCLPages", "..\CDBNETCLPAGES\CDBNETCLPages.vbproj", "{EFDFADCD-728E-4E74-AEAD-7A5EFA93368B}"
EndProject
Project("{F184B08F-C81C-45F6-A57F-5ABD9991F28F}") = "CDBNETXAMLPages", "..\CDBNETXAMLPages\CDBNETXAMLPages.vbproj", "{CEB9C2C1-9928-4F49-8C83-199968655F03}"
EndProject
Project("{FAE04EC0-301F-11D3-BF4B-00C04F79EFBC}") = "AdvancedFramework", "..\AdvancedFramework\AdvancedFramework.csproj", "{0C87202D-39BF-42EC-9A87-2EE843C9047B}"
EndProject
Project("{FAE04EC0-301F-11D3-BF4B-00C04F79EFBC}") = "AdvancedFramework.Client", "..\AdvancedFramework.Client\AdvancedFramework.Client.csproj", "{9FD91430-9C39-431F-9762-B68561A36AD7}"
EndProject
Global
	GlobalSection(TeamFoundationVersionControl) = preSolution
		SccNumberOfProjects = 10
		SccEnterpriseProvider = {4CA58AB2-18FA-4F8D-95D4-32DDF27D184C}
		SccTeamFoundationServer = http://wimngsource:8080/tfs/defaultcollection
		SccLocalPath0 = .
		SccProjectUniqueName1 = CDBNET.vbproj
		SccLocalPath1 = .
		SccProjectUniqueName2 = ..\\CDBNETCL\\CDBNETCL.vbproj
		SccProjectName2 = ../CDBNETCL
		SccLocalPath2 = ..\\CDBNETCL
		SccProjectUniqueName3 = ..\\HtmlEditorControl\\HtmlEditorControl.vbproj
		SccProjectName3 = ../HtmlEditorControl
		SccLocalPath3 = ..\\HtmlEditorControl
		SccProjectUniqueName4 = ..\\CDBNETXAML\\CDBNETXAML.vbproj
		SccProjectName4 = ../CDBNETXAML
		SccLocalPath4 = ..\\CDBNETXAML
		SccProjectUniqueName5 = ..\\CDBNETBIZ\\CDBNETBiz.vbproj
		SccProjectName5 = ../CDBNETBIZ
		SccLocalPath5 = ..\\CDBNETBIZ
		SccProjectUniqueName6 = ..\\CDBNETCLPAGES\\CDBNETCLPages.vbproj
		SccProjectName6 = ../CDBNETCLPAGES
		SccLocalPath6 = ..\\CDBNETCLPAGES
		SccProjectUniqueName7 = ..\\CDBNETXAMLPages\\CDBNETXAMLPages.vbproj
		SccProjectName7 = ../CDBNETXAMLPages
		SccLocalPath7 = ..\\CDBNETXAMLPages
		SccProjectUniqueName8 = ..\\AdvancedFramework\\AdvancedFramework.csproj
		SccProjectName8 = ../AdvancedFramework
		SccLocalPath8 = ..\\AdvancedFramework
		SccProjectUniqueName9 = ..\\AdvancedFramework.Client\\AdvancedFramework.Client.csproj
		SccProjectName9 = ../AdvancedFramework.Client
		SccLocalPath9 = ..\\AdvancedFramework.Client
	EndGlobalSection
	GlobalSection(SolutionConfigurationPlatforms) = preSolution
		Debug(Ask URL)|Any CPU = Debug(Ask URL)|Any CPU
		Debug(Ask URL)|Mixed Platforms = Debug(Ask URL)|Mixed Platforms
		Debug(Ask URL)|x64 = Debug(Ask URL)|x64
		Debug(Ask URL)|x86 = Debug(Ask URL)|x86
		Debug|Any CPU = Debug|Any CPU
		Debug|Mixed Platforms = Debug|Mixed Platforms
		Debug|x64 = Debug|x64
		Debug|x86 = Debug|x86
		Release|Any CPU = Release|Any CPU
		Release|Mixed Platforms = Release|Mixed Platforms
		Release|x64 = Release|x64
		Release|x86 = Release|x86
	EndGlobalSection
	GlobalSection(ProjectConfigurationPlatforms) = postSolution
		{0716159A-7653-4799-BD12-2F7DDF7F9EAB}.Debug(Ask URL)|Any CPU.ActiveCfg = Debug|Any CPU
		{0716159A-7653-4799-BD12-2F7DDF7F9EAB}.Debug(Ask URL)|Any CPU.Build.0 = Debug|Any CPU
		{0716159A-7653-4799-BD12-2F7DDF7F9EAB}.Debug(Ask URL)|Mixed Platforms.ActiveCfg = Debug|Any CPU
		{0716159A-7653-4799-BD12-2F7DDF7F9EAB}.Debug(Ask URL)|Mixed Platforms.Build.0 = Debug|Any CPU
		{0716159A-7653-4799-BD12-2F7DDF7F9EAB}.Debug(Ask URL)|x64.ActiveCfg = Debug|x64
		{0716159A-7653-4799-BD12-2F7DDF7F9EAB}.Debug(Ask URL)|x64.Build.0 = Debug|x64
		{0716159A-7653-4799-BD12-2F7DDF7F9EAB}.Debug(Ask URL)|x86.ActiveCfg = Debug|x86
		{0716159A-7653-4799-BD12-2F7DDF7F9EAB}.Debug(Ask URL)|x86.Build.0 = Debug|x86
		{0716159A-7653-4799-BD12-2F7DDF7F9EAB}.Debug|Any CPU.ActiveCfg = Debug|Any CPU
		{0716159A-7653-4799-BD12-2F7DDF7F9EAB}.Debug|Any CPU.Build.0 = Debug|Any CPU
		{0716159A-7653-4799-BD12-2F7DDF7F9EAB}.Debug|Mixed Platforms.ActiveCfg = Debug|Any CPU
		{0716159A-7653-4799-BD12-2F7DDF7F9EAB}.Debug|Mixed Platforms.Build.0 = Debug|Any CPU
		{0716159A-7653-4799-BD12-2F7DDF7F9EAB}.Debug|x64.ActiveCfg = Debug|x64
		{0716159A-7653-4799-BD12-2F7DDF7F9EAB}.Debug|x64.Build.0 = Debug|x64
		{0716159A-7653-4799-BD12-2F7DDF7F9EAB}.Debug|x86.ActiveCfg = Debug|x86
		{0716159A-7653-4799-BD12-2F7DDF7F9EAB}.Debug|x86.Build.0 = Debug|x86
		{0716159A-7653-4799-BD12-2F7DDF7F9EAB}.Release|Any CPU.ActiveCfg = Release|Any CPU
		{0716159A-7653-4799-BD12-2F7DDF7F9EAB}.Release|Any CPU.Build.0 = Release|Any CPU
		{0716159A-7653-4799-BD12-2F7DDF7F9EAB}.Release|Mixed Platforms.ActiveCfg = Release|Any CPU
		{0716159A-7653-4799-BD12-2F7DDF7F9EAB}.Release|Mixed Platforms.Build.0 = Release|Any CPU
		{0716159A-7653-4799-BD12-2F7DDF7F9EAB}.Release|x64.ActiveCfg = Release|x64
		{0716159A-7653-4799-BD12-2F7DDF7F9EAB}.Release|x64.Build.0 = Release|x64
		{0716159A-7653-4799-BD12-2F7DDF7F9EAB}.Release|x86.ActiveCfg = Release|Any CPU
		{6BFD1C82-7F8B-4117-8305-88E6ECDE1CC8}.Debug(Ask URL)|Any CPU.ActiveCfg = Debug|Any CPU
		{6BFD1C82-7F8B-4117-8305-88E6ECDE1CC8}.Debug(Ask URL)|Any CPU.Build.0 = Debug|Any CPU
		{6BFD1C82-7F8B-4117-8305-88E6ECDE1CC8}.Debug(Ask URL)|Mixed Platforms.ActiveCfg = Debug(Ask URL)|Any CPU
		{6BFD1C82-7F8B-4117-8305-88E6ECDE1CC8}.Debug(Ask URL)|Mixed Platforms.Build.0 = Debug(Ask URL)|Any CPU
		{6BFD1C82-7F8B-4117-8305-88E6ECDE1CC8}.Debug(Ask URL)|x64.ActiveCfg = Debug|Any CPU
		{6BFD1C82-7F8B-4117-8305-88E6ECDE1CC8}.Debug(Ask URL)|x64.Build.0 = Debug|Any CPU
		{6BFD1C82-7F8B-4117-8305-88E6ECDE1CC8}.Debug(Ask URL)|x86.ActiveCfg = Debug|Any CPU
		{6BFD1C82-7F8B-4117-8305-88E6ECDE1CC8}.Debug(Ask URL)|x86.Build.0 = Debug|Any CPU
		{6BFD1C82-7F8B-4117-8305-88E6ECDE1CC8}.Debug|Any CPU.ActiveCfg = Debug|Any CPU
		{6BFD1C82-7F8B-4117-8305-88E6ECDE1CC8}.Debug|Any CPU.Build.0 = Debug|Any CPU
		{6BFD1C82-7F8B-4117-8305-88E6ECDE1CC8}.Debug|Mixed Platforms.ActiveCfg = Debug|Any CPU
		{6BFD1C82-7F8B-4117-8305-88E6ECDE1CC8}.Debug|Mixed Platforms.Build.0 = Debug|Any CPU
		{6BFD1C82-7F8B-4117-8305-88E6ECDE1CC8}.Debug|x64.ActiveCfg = Debug|Any CPU
		{6BFD1C82-7F8B-4117-8305-88E6ECDE1CC8}.Debug|x64.Build.0 = Debug|Any CPU
		{6BFD1C82-7F8B-4117-8305-88E6ECDE1CC8}.Debug|x86.ActiveCfg = Debug|Any CPU
		{6BFD1C82-7F8B-4117-8305-88E6ECDE1CC8}.Debug|x86.Build.0 = Debug|Any CPU
		{6BFD1C82-7F8B-4117-8305-88E6ECDE1CC8}.Release|Any CPU.ActiveCfg = Release|Any CPU
		{6BFD1C82-7F8B-4117-8305-88E6ECDE1CC8}.Release|Any CPU.Build.0 = Release|Any CPU
		{6BFD1C82-7F8B-4117-8305-88E6ECDE1CC8}.Release|Mixed Platforms.ActiveCfg = Release|Any CPU
		{6BFD1C82-7F8B-4117-8305-88E6ECDE1CC8}.Release|Mixed Platforms.Build.0 = Release|Any CPU
		{6BFD1C82-7F8B-4117-8305-88E6ECDE1CC8}.Release|x64.ActiveCfg = Release|Any CPU
		{6BFD1C82-7F8B-4117-8305-88E6ECDE1CC8}.Release|x86.ActiveCfg = Release|Any CPU
		{EBC31846-19E5-4921-93C5-5AA580CDFCB7}.Debug(Ask URL)|Any CPU.ActiveCfg = Debug|Any CPU
		{EBC31846-19E5-4921-93C5-5AA580CDFCB7}.Debug(Ask URL)|Any CPU.Build.0 = Debug|Any CPU
		{EBC31846-19E5-4921-93C5-5AA580CDFCB7}.Debug(Ask URL)|Mixed Platforms.ActiveCfg = Debug|Any CPU
		{EBC31846-19E5-4921-93C5-5AA580CDFCB7}.Debug(Ask URL)|Mixed Platforms.Build.0 = Debug|Any CPU
		{EBC31846-19E5-4921-93C5-5AA580CDFCB7}.Debug(Ask URL)|x64.ActiveCfg = Debug|Any CPU
		{EBC31846-19E5-4921-93C5-5AA580CDFCB7}.Debug(Ask URL)|x64.Build.0 = Debug|Any CPU
		{EBC31846-19E5-4921-93C5-5AA580CDFCB7}.Debug(Ask URL)|x86.ActiveCfg = Debug|Any CPU
		{EBC31846-19E5-4921-93C5-5AA580CDFCB7}.Debug(Ask URL)|x86.Build.0 = Debug|Any CPU
		{EBC31846-19E5-4921-93C5-5AA580CDFCB7}.Debug|Any CPU.ActiveCfg = Debug|Any CPU
		{EBC31846-19E5-4921-93C5-5AA580CDFCB7}.Debug|Any CPU.Build.0 = Debug|Any CPU
		{EBC31846-19E5-4921-93C5-5AA580CDFCB7}.Debug|Mixed Platforms.ActiveCfg = Debug|Any CPU
		{EBC31846-19E5-4921-93C5-5AA580CDFCB7}.Debug|Mixed Platforms.Build.0 = Debug|Any CPU
		{EBC31846-19E5-4921-93C5-5AA580CDFCB7}.Debug|x64.ActiveCfg = Debug|Any CPU
		{EBC31846-19E5-4921-93C5-5AA580CDFCB7}.Debug|x64.Build.0 = Debug|Any CPU
		{EBC31846-19E5-4921-93C5-5AA580CDFCB7}.Debug|x86.ActiveCfg = Debug|Any CPU
		{EBC31846-19E5-4921-93C5-5AA580CDFCB7}.Debug|x86.Build.0 = Debug|Any CPU
		{EBC31846-19E5-4921-93C5-5AA580CDFCB7}.Release|Any CPU.ActiveCfg = Release|Any CPU
		{EBC31846-19E5-4921-93C5-5AA580CDFCB7}.Release|Any CPU.Build.0 = Release|Any CPU
		{EBC31846-19E5-4921-93C5-5AA580CDFCB7}.Release|Mixed Platforms.ActiveCfg = Release|Any CPU
		{EBC31846-19E5-4921-93C5-5AA580CDFCB7}.Release|Mixed Platforms.Build.0 = Release|Any CPU
		{EBC31846-19E5-4921-93C5-5AA580CDFCB7}.Release|x64.ActiveCfg = Release|Any CPU
		{EBC31846-19E5-4921-93C5-5AA580CDFCB7}.Release|x86.ActiveCfg = Release|Any CPU
		{62739A01-E4A9-4A70-8ED3-54E740DC97A8}.Debug(Ask URL)|Any CPU.ActiveCfg = Debug|Any CPU
		{62739A01-E4A9-4A70-8ED3-54E740DC97A8}.Debug(Ask URL)|Any CPU.Build.0 = Debug|Any CPU
		{62739A01-E4A9-4A70-8ED3-54E740DC97A8}.Debug(Ask URL)|Mixed Platforms.ActiveCfg = Debug|Any CPU
		{62739A01-E4A9-4A70-8ED3-54E740DC97A8}.Debug(Ask URL)|Mixed Platforms.Build.0 = Debug|Any CPU
		{62739A01-E4A9-4A70-8ED3-54E740DC97A8}.Debug(Ask URL)|x64.ActiveCfg = Debug|Any CPU
		{62739A01-E4A9-4A70-8ED3-54E740DC97A8}.Debug(Ask URL)|x64.Build.0 = Debug|Any CPU
		{62739A01-E4A9-4A70-8ED3-54E740DC97A8}.Debug(Ask URL)|x86.ActiveCfg = Debug|x86
		{62739A01-E4A9-4A70-8ED3-54E740DC97A8}.Debug(Ask URL)|x86.Build.0 = Debug|x86
		{62739A01-E4A9-4A70-8ED3-54E740DC97A8}.Debug|Any CPU.ActiveCfg = Debug|Any CPU
		{62739A01-E4A9-4A70-8ED3-54E740DC97A8}.Debug|Any CPU.Build.0 = Debug|Any CPU
		{62739A01-E4A9-4A70-8ED3-54E740DC97A8}.Debug|Mixed Platforms.ActiveCfg = Debug|Any CPU
		{62739A01-E4A9-4A70-8ED3-54E740DC97A8}.Debug|Mixed Platforms.Build.0 = Debug|Any CPU
		{62739A01-E4A9-4A70-8ED3-54E740DC97A8}.Debug|x64.ActiveCfg = Debug|Any CPU
		{62739A01-E4A9-4A70-8ED3-54E740DC97A8}.Debug|x64.Build.0 = Debug|Any CPU
		{62739A01-E4A9-4A70-8ED3-54E740DC97A8}.Debug|x86.ActiveCfg = Debug|Any CPU
		{62739A01-E4A9-4A70-8ED3-54E740DC97A8}.Debug|x86.Build.0 = Debug|Any CPU
		{62739A01-E4A9-4A70-8ED3-54E740DC97A8}.Release|Any CPU.ActiveCfg = Release|Any CPU
		{62739A01-E4A9-4A70-8ED3-54E740DC97A8}.Release|Any CPU.Build.0 = Release|Any CPU
		{62739A01-E4A9-4A70-8ED3-54E740DC97A8}.Release|Mixed Platforms.ActiveCfg = Release|Any CPU
		{62739A01-E4A9-4A70-8ED3-54E740DC97A8}.Release|Mixed Platforms.Build.0 = Release|Any CPU
		{62739A01-E4A9-4A70-8ED3-54E740DC97A8}.Release|x64.ActiveCfg = Release|x86
		{62739A01-E4A9-4A70-8ED3-54E740DC97A8}.Release|x86.ActiveCfg = Release|x86
		{62739A01-E4A9-4A70-8ED3-54E740DC97A8}.Release|x86.Build.0 = Release|x86
		{60863814-E738-4A2D-AA46-8A6E5ACA0C9B}.Debug(Ask URL)|Any CPU.ActiveCfg = Debug|Any CPU
		{60863814-E738-4A2D-AA46-8A6E5ACA0C9B}.Debug(Ask URL)|Any CPU.Build.0 = Debug|Any CPU
		{60863814-E738-4A2D-AA46-8A6E5ACA0C9B}.Debug(Ask URL)|Mixed Platforms.ActiveCfg = Debug|Any CPU
		{60863814-E738-4A2D-AA46-8A6E5ACA0C9B}.Debug(Ask URL)|Mixed Platforms.Build.0 = Debug|Any CPU
		{60863814-E738-4A2D-AA46-8A6E5ACA0C9B}.Debug(Ask URL)|x64.ActiveCfg = Debug|Any CPU
		{60863814-E738-4A2D-AA46-8A6E5ACA0C9B}.Debug(Ask URL)|x64.Build.0 = Debug|Any CPU
		{60863814-E738-4A2D-AA46-8A6E5ACA0C9B}.Debug(Ask URL)|x86.ActiveCfg = Debug|Any CPU
		{60863814-E738-4A2D-AA46-8A6E5ACA0C9B}.Debug(Ask URL)|x86.Build.0 = Debug|Any CPU
		{60863814-E738-4A2D-AA46-8A6E5ACA0C9B}.Debug|Any CPU.ActiveCfg = Debug|Any CPU
		{60863814-E738-4A2D-AA46-8A6E5ACA0C9B}.Debug|Any CPU.Build.0 = Debug|Any CPU
		{60863814-E738-4A2D-AA46-8A6E5ACA0C9B}.Debug|Mixed Platforms.ActiveCfg = Debug|Any CPU
		{60863814-E738-4A2D-AA46-8A6E5ACA0C9B}.Debug|Mixed Platforms.Build.0 = Debug|Any CPU
		{60863814-E738-4A2D-AA46-8A6E5ACA0C9B}.Debug|x64.ActiveCfg = Debug|Any CPU
		{60863814-E738-4A2D-AA46-8A6E5ACA0C9B}.Debug|x64.Build.0 = Debug|Any CPU
		{60863814-E738-4A2D-AA46-8A6E5ACA0C9B}.Debug|x86.ActiveCfg = Debug|Any CPU
		{60863814-E738-4A2D-AA46-8A6E5ACA0C9B}.Debug|x86.Build.0 = Debug|Any CPU
		{60863814-E738-4A2D-AA46-8A6E5ACA0C9B}.Release|Any CPU.ActiveCfg = Release|Any CPU
		{60863814-E738-4A2D-AA46-8A6E5ACA0C9B}.Release|Any CPU.Build.0 = Release|Any CPU
		{60863814-E738-4A2D-AA46-8A6E5ACA0C9B}.Release|Mixed Platforms.ActiveCfg = Release|Any CPU
		{60863814-E738-4A2D-AA46-8A6E5ACA0C9B}.Release|Mixed Platforms.Build.0 = Release|Any CPU
		{60863814-E738-4A2D-AA46-8A6E5ACA0C9B}.Release|x64.ActiveCfg = Release|Any CPU
		{60863814-E738-4A2D-AA46-8A6E5ACA0C9B}.Release|x86.ActiveCfg = Release|Any CPU
		{EFDFADCD-728E-4E74-AEAD-7A5EFA93368B}.Debug(Ask URL)|Any CPU.ActiveCfg = Debug|Any CPU
		{EFDFADCD-728E-4E74-AEAD-7A5EFA93368B}.Debug(Ask URL)|Any CPU.Build.0 = Debug|Any CPU
		{EFDFADCD-728E-4E74-AEAD-7A5EFA93368B}.Debug(Ask URL)|Mixed Platforms.ActiveCfg = Debug|Any CPU
		{EFDFADCD-728E-4E74-AEAD-7A5EFA93368B}.Debug(Ask URL)|Mixed Platforms.Build.0 = Debug|Any CPU
		{EFDFADCD-728E-4E74-AEAD-7A5EFA93368B}.Debug(Ask URL)|x64.ActiveCfg = Debug|Any CPU
		{EFDFADCD-728E-4E74-AEAD-7A5EFA93368B}.Debug(Ask URL)|x64.Build.0 = Debug|Any CPU
		{EFDFADCD-728E-4E74-AEAD-7A5EFA93368B}.Debug(Ask URL)|x86.ActiveCfg = Debug|Any CPU
		{EFDFADCD-728E-4E74-AEAD-7A5EFA93368B}.Debug(Ask URL)|x86.Build.0 = Debug|Any CPU
		{EFDFADCD-728E-4E74-AEAD-7A5EFA93368B}.Debug|Any CPU.ActiveCfg = Debug|Any CPU
		{EFDFADCD-728E-4E74-AEAD-7A5EFA93368B}.Debug|Any CPU.Build.0 = Debug|Any CPU
		{EFDFADCD-728E-4E74-AEAD-7A5EFA93368B}.Debug|Mixed Platforms.ActiveCfg = Debug|Any CPU
		{EFDFADCD-728E-4E74-AEAD-7A5EFA93368B}.Debug|Mixed Platforms.Build.0 = Debug|Any CPU
		{EFDFADCD-728E-4E74-AEAD-7A5EFA93368B}.Debug|x64.ActiveCfg = Debug|Any CPU
		{EFDFADCD-728E-4E74-AEAD-7A5EFA93368B}.Debug|x64.Build.0 = Debug|Any CPU
		{EFDFADCD-728E-4E74-AEAD-7A5EFA93368B}.Debug|x86.ActiveCfg = Debug|Any CPU
		{EFDFADCD-728E-4E74-AEAD-7A5EFA93368B}.Debug|x86.Build.0 = Debug|Any CPU
		{EFDFADCD-728E-4E74-AEAD-7A5EFA93368B}.Release|Any CPU.ActiveCfg = Release|Any CPU
		{EFDFADCD-728E-4E74-AEAD-7A5EFA93368B}.Release|Any CPU.Build.0 = Release|Any CPU
		{EFDFADCD-728E-4E74-AEAD-7A5EFA93368B}.Release|Mixed Platforms.ActiveCfg = Release|Any CPU
		{EFDFADCD-728E-4E74-AEAD-7A5EFA93368B}.Release|Mixed Platforms.Build.0 = Release|Any CPU
		{EFDFADCD-728E-4E74-AEAD-7A5EFA93368B}.Release|x64.ActiveCfg = Release|Any CPU
		{EFDFADCD-728E-4E74-AEAD-7A5EFA93368B}.Release|x86.ActiveCfg = Release|Any CPU
		{CEB9C2C1-9928-4F49-8C83-199968655F03}.Debug(Ask URL)|Any CPU.ActiveCfg = Debug|Any CPU
		{CEB9C2C1-9928-4F49-8C83-199968655F03}.Debug(Ask URL)|Any CPU.Build.0 = Debug|Any CPU
		{CEB9C2C1-9928-4F49-8C83-199968655F03}.Debug(Ask URL)|Mixed Platforms.ActiveCfg = Debug|Any CPU
		{CEB9C2C1-9928-4F49-8C83-199968655F03}.Debug(Ask URL)|Mixed Platforms.Build.0 = Debug|Any CPU
		{CEB9C2C1-9928-4F49-8C83-199968655F03}.Debug(Ask URL)|x64.ActiveCfg = Debug|Any CPU
		{CEB9C2C1-9928-4F49-8C83-199968655F03}.Debug(Ask URL)|x64.Build.0 = Debug|Any CPU
		{CEB9C2C1-9928-4F49-8C83-199968655F03}.Debug(Ask URL)|x86.ActiveCfg = Debug|Any CPU
		{CEB9C2C1-9928-4F49-8C83-199968655F03}.Debug(Ask URL)|x86.Build.0 = Debug|Any CPU
		{CEB9C2C1-9928-4F49-8C83-199968655F03}.Debug|Any CPU.ActiveCfg = Debug|Any CPU
		{CEB9C2C1-9928-4F49-8C83-199968655F03}.Debug|Any CPU.Build.0 = Debug|Any CPU
		{CEB9C2C1-9928-4F49-8C83-199968655F03}.Debug|Mixed Platforms.ActiveCfg = Debug|Any CPU
		{CEB9C2C1-9928-4F49-8C83-199968655F03}.Debug|Mixed Platforms.Build.0 = Debug|Any CPU
		{CEB9C2C1-9928-4F49-8C83-199968655F03}.Debug|x64.ActiveCfg = Debug|Any CPU
		{CEB9C2C1-9928-4F49-8C83-199968655F03}.Debug|x64.Build.0 = Debug|Any CPU
		{CEB9C2C1-9928-4F49-8C83-199968655F03}.Debug|x86.ActiveCfg = Debug|Any CPU
		{CEB9C2C1-9928-4F49-8C83-199968655F03}.Debug|x86.Build.0 = Debug|Any CPU
		{CEB9C2C1-9928-4F49-8C83-199968655F03}.Release|Any CPU.ActiveCfg = Release|Any CPU
		{CEB9C2C1-9928-4F49-8C83-199968655F03}.Release|Any CPU.Build.0 = Release|Any CPU
		{CEB9C2C1-9928-4F49-8C83-199968655F03}.Release|Mixed Platforms.ActiveCfg = Release|Any CPU
		{CEB9C2C1-9928-4F49-8C83-199968655F03}.Release|Mixed Platforms.Build.0 = Release|Any CPU
		{CEB9C2C1-9928-4F49-8C83-199968655F03}.Release|x64.ActiveCfg = Release|Any CPU
		{CEB9C2C1-9928-4F49-8C83-199968655F03}.Release|x86.ActiveCfg = Release|Any CPU
		{0C87202D-39BF-42EC-9A87-2EE843C9047B}.Debug(Ask URL)|Any CPU.ActiveCfg = Debug|Any CPU
		{0C87202D-39BF-42EC-9A87-2EE843C9047B}.Debug(Ask URL)|Any CPU.Build.0 = Debug|Any CPU
		{0C87202D-39BF-42EC-9A87-2EE843C9047B}.Debug(Ask URL)|Mixed Platforms.ActiveCfg = Debug|Any CPU
		{0C87202D-39BF-42EC-9A87-2EE843C9047B}.Debug(Ask URL)|Mixed Platforms.Build.0 = Debug|Any CPU
		{0C87202D-39BF-42EC-9A87-2EE843C9047B}.Debug(Ask URL)|x64.ActiveCfg = Debug|Any CPU
		{0C87202D-39BF-42EC-9A87-2EE843C9047B}.Debug(Ask URL)|x86.ActiveCfg = Debug|Any CPU
		{0C87202D-39BF-42EC-9A87-2EE843C9047B}.Debug|Any CPU.ActiveCfg = Debug|Any CPU
		{0C87202D-39BF-42EC-9A87-2EE843C9047B}.Debug|Any CPU.Build.0 = Debug|Any CPU
		{0C87202D-39BF-42EC-9A87-2EE843C9047B}.Debug|Mixed Platforms.ActiveCfg = Debug|Any CPU
		{0C87202D-39BF-42EC-9A87-2EE843C9047B}.Debug|Mixed Platforms.Build.0 = Debug|Any CPU
		{0C87202D-39BF-42EC-9A87-2EE843C9047B}.Debug|x64.ActiveCfg = Debug|Any CPU
		{0C87202D-39BF-42EC-9A87-2EE843C9047B}.Debug|x86.ActiveCfg = Debug|Any CPU
		{0C87202D-39BF-42EC-9A87-2EE843C9047B}.Release|Any CPU.ActiveCfg = Release|Any CPU
		{0C87202D-39BF-42EC-9A87-2EE843C9047B}.Release|Any CPU.Build.0 = Release|Any CPU
		{0C87202D-39BF-42EC-9A87-2EE843C9047B}.Release|Mixed Platforms.ActiveCfg = Release|Any CPU
		{0C87202D-39BF-42EC-9A87-2EE843C9047B}.Release|Mixed Platforms.Build.0 = Release|Any CPU
		{0C87202D-39BF-42EC-9A87-2EE843C9047B}.Release|x64.ActiveCfg = Release|Any CPU
		{0C87202D-39BF-42EC-9A87-2EE843C9047B}.Release|x86.ActiveCfg = Release|Any CPU
		{9FD91430-9C39-431F-9762-B68561A36AD7}.Debug(Ask URL)|Any CPU.ActiveCfg = Debug|Any CPU
		{9FD91430-9C39-431F-9762-B68561A36AD7}.Debug(Ask URL)|Any CPU.Build.0 = Debug|Any CPU
		{9FD91430-9C39-431F-9762-B68561A36AD7}.Debug(Ask URL)|Mixed Platforms.ActiveCfg = Debug|Any CPU
		{9FD91430-9C39-431F-9762-B68561A36AD7}.Debug(Ask URL)|Mixed Platforms.Build.0 = Debug|Any CPU
		{9FD91430-9C39-431F-9762-B68561A36AD7}.Debug(Ask URL)|x64.ActiveCfg = Debug|Any CPU
		{9FD91430-9C39-431F-9762-B68561A36AD7}.Debug(Ask URL)|x86.ActiveCfg = Debug|Any CPU
		{9FD91430-9C39-431F-9762-B68561A36AD7}.Debug|Any CPU.ActiveCfg = Debug|Any CPU
		{9FD91430-9C39-431F-9762-B68561A36AD7}.Debug|Any CPU.Build.0 = Debug|Any CPU
		{9FD91430-9C39-431F-9762-B68561A36AD7}.Debug|Mixed Platforms.ActiveCfg = Debug|Any CPU
		{9FD91430-9C39-431F-9762-B68561A36AD7}.Debug|Mixed Platforms.Build.0 = Debug|Any CPU
		{9FD91430-9C39-431F-9762-B68561A36AD7}.Debug|x64.ActiveCfg = Debug|Any CPU
		{9FD91430-9C39-431F-9762-B68561A36AD7}.Debug|x86.ActiveCfg = Debug|Any CPU
		{9FD91430-9C39-431F-9762-B68561A36AD7}.Release|Any CPU.ActiveCfg = Release|Any CPU
		{9FD91430-9C39-431F-9762-B68561A36AD7}.Release|Any CPU.Build.0 = Release|Any CPU
		{9FD91430-9C39-431F-9762-B68561A36AD7}.Release|Mixed Platforms.ActiveCfg = Release|Any CPU
		{9FD91430-9C39-431F-9762-B68561A36AD7}.Release|Mixed Platforms.Build.0 = Release|Any CPU
		{9FD91430-9C39-431F-9762-B68561A36AD7}.Release|x64.ActiveCfg = Release|Any CPU
		{9FD91430-9C39-431F-9762-B68561A36AD7}.Release|x86.ActiveCfg = Release|Any CPU
	EndGlobalSection
	GlobalSection(SolutionProperties) = preSolution
		HideSolutionNode = FALSE
	EndGlobalSection
EndGlobal
